
Microsoft Visual Studio Solution File, Format Version 12.00
# Visual Studio 14
VisualStudioVersion = 14.0.24720.0
MinimumVisualStudioVersion = 10.0.40219.1
Project("{8BC9CEB8-8B4A-11D0-8D11-00A0C91BC942}") = "Tests", "Tests\Tests.vcxproj", "{D6B3EAE5-0535-4B82-8478-D47DBBBA59E1}"
EndProject
Project("{8BC9CEB8-8B4A-11D0-8D11-00A0C91BC942}") = "STDataStructures", "STDataStructures\STDataStructures.vcxproj", "{20B687D8-E873-46D8-A049-F2ABE0E7DEF0}"
EndProject
Project("{8BC9CEB8-8B4A-11D0-8D11-00A0C91BC942}") = "GoogleTest", "GoogleTest\GoogleTest.vcxproj", "{493CECC2-2624-4C02-BC49-080B6FE88F2E}"
EndProject
Global
	GlobalSection(SolutionConfigurationPlatforms) = preSolution
		Debug|x64 = Debug|x64
		Debug|x86 = Debug|x86
		Release|x64 = Release|x64
		Release|x86 = Release|x86
	EndGlobalSection
	GlobalSection(ProjectConfigurationPlatforms) = postSolution
		{D6B3EAE5-0535-4B82-8478-D47DBBBA59E1}.Debug|x64.ActiveCfg = Debug|x64
		{D6B3EAE5-0535-4B82-8478-D47DBBBA59E1}.Debug|x64.Build.0 = Debug|x64
		{D6B3EAE5-0535-4B82-8478-D47DBBBA59E1}.Debug|x86.ActiveCfg = Debug|Win32
		{D6B3EAE5-0535-4B82-8478-D47DBBBA59E1}.Debug|x86.Build.0 = Debug|Win32
		{D6B3EAE5-0535-4B82-8478-D47DBBBA59E1}.Release|x64.ActiveCfg = Release|x64
		{D6B3EAE5-0535-4B82-8478-D47DBBBA59E1}.Release|x64.Build.0 = Release|x64
		{D6B3EAE5-0535-4B82-8478-D47DBBBA59E1}.Release|x86.ActiveCfg = Release|Win32
		{D6B3EAE5-0535-4B82-8478-D47DBBBA59E1}.Release|x86.Build.0 = Release|Win32
		{20B687D8-E873-46D8-A049-F2ABE0E7DEF0}.Debug|x64.ActiveCfg = Debug|x64
		{20B687D8-E873-46D8-A049-F2ABE0E7DEF0}.Debug|x64.Build.0 = Debug|x64
		{20B687D8-E873-46D8-A049-F2ABE0E7DEF0}.Debug|x86.ActiveCfg = Debug|Win32
		{20B687D8-E873-46D8-A049-F2ABE0E7DEF0}.Debug|x86.Build.0 = Debug|Win32
		{20B687D8-E873-46D8-A049-F2ABE0E7DEF0}.Release|x64.ActiveCfg = Release|x64
		{20B687D8-E873-46D8-A049-F2ABE0E7DEF0}.Release|x64.Build.0 = Release|x64
		{20B687D8-E873-46D8-A049-F2ABE0E7DEF0}.Release|x86.ActiveCfg = Release|Win32
		{20B687D8-E873-46D8-A049-F2ABE0E7DEF0}.Release|x86.Build.0 = Release|Win32
		{493CECC2-2624-4C02-BC49-080B6FE88F2E}.Debug|x64.ActiveCfg = Debug|x64
		{493CECC2-2624-4C02-BC49-080B6FE88F2E}.Debug|x64.Build.0 = Debug|x64
		{493CECC2-2624-4C02-BC49-080B6FE88F2E}.Debug|x86.ActiveCfg = Debug|Win32
		{493CECC2-2624-4C02-BC49-080B6FE88F2E}.Debug|x86.Build.0 = Debug|Win32
		{493CECC2-2624-4C02-BC49-080B6FE88F2E}.Release|x64.ActiveCfg = Release|x64
		{493CECC2-2624-4C02-BC49-080B6FE88F2E}.Release|x64.Build.0 = Release|x64
		{493CECC2-2624-4C02-BC49-080B6FE88F2E}.Release|x86.ActiveCfg = Release|Win32
		{493CECC2-2624-4C02-BC49-080B6FE88F2E}.Release|x86.Build.0 = Release|Win32
	EndGlobalSection
	GlobalSection(SolutionProperties) = preSolution
		HideSolutionNode = FALSE
	EndGlobalSection
EndGlobal
