
Microsoft Visual Studio Solution File, Format Version 12.00
# Visual Studio 14
VisualStudioVersion = 14.0.24720.0
MinimumVisualStudioVersion = 10.0.40219.1
Project("{FAE04EC0-301F-11D3-BF4B-00C04F79EFBC}") = "DataStructures", "DataStructures\DataStructures.csproj", "{BE574E55-0492-4E4E-A14A-C184B119DCAD}"
EndProject
Project("{FAE04EC0-301F-11D3-BF4B-00C04F79EFBC}") = "DataStructuresTests", "DataStructuresTests\DataStructuresTests.csproj", "{7A9744D1-5728-4D21-963B-7BF5FC0B8A1E}"
EndProject
Project("{FAE04EC0-301F-11D3-BF4B-00C04F79EFBC}") = "Numeric", "Numeric\Numeric.csproj", "{F9BFAD7E-C7AD-4823-B737-17F74B587088}"
EndProject
Project("{FAE04EC0-301F-11D3-BF4B-00C04F79EFBC}") = "NumericTests", "NumericTests\NumericTests.csproj", "{528D63A0-48BA-41A4-955A-88AF4EF421A3}"
EndProject
Project("{FAE04EC0-301F-11D3-BF4B-00C04F79EFBC}") = "MatrixVisualiser", "MatrixVisualiser\MatrixVisualiser.csproj", "{3BE90A80-945B-4A60-85D0-339AF32919FB}"
EndProject
Project("{FAE04EC0-301F-11D3-BF4B-00C04F79EFBC}") = "Debugger", "Debugger\Debugger.csproj", "{39A1BBB3-0C1A-4BD3-AB1B-29C1906BCE41}"
EndProject
Global
	GlobalSection(SolutionConfigurationPlatforms) = preSolution
		Debug|Any CPU = Debug|Any CPU
		Debug|ARM = Debug|ARM
		Debug|x64 = Debug|x64
		Debug|x86 = Debug|x86
		Release|Any CPU = Release|Any CPU
		Release|ARM = Release|ARM
		Release|x64 = Release|x64
		Release|x86 = Release|x86
	EndGlobalSection
	GlobalSection(ProjectConfigurationPlatforms) = postSolution
		{BE574E55-0492-4E4E-A14A-C184B119DCAD}.Debug|Any CPU.ActiveCfg = Debug|Any CPU
		{BE574E55-0492-4E4E-A14A-C184B119DCAD}.Debug|Any CPU.Build.0 = Debug|Any CPU
		{BE574E55-0492-4E4E-A14A-C184B119DCAD}.Debug|ARM.ActiveCfg = Debug|Any CPU
		{BE574E55-0492-4E4E-A14A-C184B119DCAD}.Debug|ARM.Build.0 = Debug|Any CPU
		{BE574E55-0492-4E4E-A14A-C184B119DCAD}.Debug|x64.ActiveCfg = Debug|Any CPU
		{BE574E55-0492-4E4E-A14A-C184B119DCAD}.Debug|x64.Build.0 = Debug|Any CPU
		{BE574E55-0492-4E4E-A14A-C184B119DCAD}.Debug|x86.ActiveCfg = Debug|Any CPU
		{BE574E55-0492-4E4E-A14A-C184B119DCAD}.Debug|x86.Build.0 = Debug|Any CPU
		{BE574E55-0492-4E4E-A14A-C184B119DCAD}.Release|Any CPU.ActiveCfg = Release|Any CPU
		{BE574E55-0492-4E4E-A14A-C184B119DCAD}.Release|Any CPU.Build.0 = Release|Any CPU
		{BE574E55-0492-4E4E-A14A-C184B119DCAD}.Release|ARM.ActiveCfg = Release|Any CPU
		{BE574E55-0492-4E4E-A14A-C184B119DCAD}.Release|ARM.Build.0 = Release|Any CPU
		{BE574E55-0492-4E4E-A14A-C184B119DCAD}.Release|x64.ActiveCfg = Release|Any CPU
		{BE574E55-0492-4E4E-A14A-C184B119DCAD}.Release|x64.Build.0 = Release|Any CPU
		{BE574E55-0492-4E4E-A14A-C184B119DCAD}.Release|x86.ActiveCfg = Release|Any CPU
		{BE574E55-0492-4E4E-A14A-C184B119DCAD}.Release|x86.Build.0 = Release|Any CPU
		{7A9744D1-5728-4D21-963B-7BF5FC0B8A1E}.Debug|Any CPU.ActiveCfg = Debug|Any CPU
		{7A9744D1-5728-4D21-963B-7BF5FC0B8A1E}.Debug|Any CPU.Build.0 = Debug|Any CPU
		{7A9744D1-5728-4D21-963B-7BF5FC0B8A1E}.Debug|ARM.ActiveCfg = Debug|Any CPU
		{7A9744D1-5728-4D21-963B-7BF5FC0B8A1E}.Debug|ARM.Build.0 = Debug|Any CPU
		{7A9744D1-5728-4D21-963B-7BF5FC0B8A1E}.Debug|x64.ActiveCfg = Debug|Any CPU
		{7A9744D1-5728-4D21-963B-7BF5FC0B8A1E}.Debug|x64.Build.0 = Debug|Any CPU
		{7A9744D1-5728-4D21-963B-7BF5FC0B8A1E}.Debug|x86.ActiveCfg = Debug|Any CPU
		{7A9744D1-5728-4D21-963B-7BF5FC0B8A1E}.Debug|x86.Build.0 = Debug|Any CPU
		{7A9744D1-5728-4D21-963B-7BF5FC0B8A1E}.Release|Any CPU.ActiveCfg = Release|Any CPU
		{7A9744D1-5728-4D21-963B-7BF5FC0B8A1E}.Release|Any CPU.Build.0 = Release|Any CPU
		{7A9744D1-5728-4D21-963B-7BF5FC0B8A1E}.Release|ARM.ActiveCfg = Release|Any CPU
		{7A9744D1-5728-4D21-963B-7BF5FC0B8A1E}.Release|ARM.Build.0 = Release|Any CPU
		{7A9744D1-5728-4D21-963B-7BF5FC0B8A1E}.Release|x64.ActiveCfg = Release|Any CPU
		{7A9744D1-5728-4D21-963B-7BF5FC0B8A1E}.Release|x64.Build.0 = Release|Any CPU
		{7A9744D1-5728-4D21-963B-7BF5FC0B8A1E}.Release|x86.ActiveCfg = Release|Any CPU
		{7A9744D1-5728-4D21-963B-7BF5FC0B8A1E}.Release|x86.Build.0 = Release|Any CPU
		{F9BFAD7E-C7AD-4823-B737-17F74B587088}.Debug|Any CPU.ActiveCfg = Debug|Any CPU
		{F9BFAD7E-C7AD-4823-B737-17F74B587088}.Debug|Any CPU.Build.0 = Debug|Any CPU
		{F9BFAD7E-C7AD-4823-B737-17F74B587088}.Debug|ARM.ActiveCfg = Debug|Any CPU
		{F9BFAD7E-C7AD-4823-B737-17F74B587088}.Debug|ARM.Build.0 = Debug|Any CPU
		{F9BFAD7E-C7AD-4823-B737-17F74B587088}.Debug|x64.ActiveCfg = Debug|Any CPU
		{F9BFAD7E-C7AD-4823-B737-17F74B587088}.Debug|x64.Build.0 = Debug|Any CPU
		{F9BFAD7E-C7AD-4823-B737-17F74B587088}.Debug|x86.ActiveCfg = Debug|Any CPU
		{F9BFAD7E-C7AD-4823-B737-17F74B587088}.Debug|x86.Build.0 = Debug|Any CPU
		{F9BFAD7E-C7AD-4823-B737-17F74B587088}.Release|Any CPU.ActiveCfg = Release|Any CPU
		{F9BFAD7E-C7AD-4823-B737-17F74B587088}.Release|Any CPU.Build.0 = Release|Any CPU
		{F9BFAD7E-C7AD-4823-B737-17F74B587088}.Release|ARM.ActiveCfg = Release|Any CPU
		{F9BFAD7E-C7AD-4823-B737-17F74B587088}.Release|ARM.Build.0 = Release|Any CPU
		{F9BFAD7E-C7AD-4823-B737-17F74B587088}.Release|x64.ActiveCfg = Release|Any CPU
		{F9BFAD7E-C7AD-4823-B737-17F74B587088}.Release|x64.Build.0 = Release|Any CPU
		{F9BFAD7E-C7AD-4823-B737-17F74B587088}.Release|x86.ActiveCfg = Release|Any CPU
		{F9BFAD7E-C7AD-4823-B737-17F74B587088}.Release|x86.Build.0 = Release|Any CPU
		{528D63A0-48BA-41A4-955A-88AF4EF421A3}.Debug|Any CPU.ActiveCfg = Debug|Any CPU
		{528D63A0-48BA-41A4-955A-88AF4EF421A3}.Debug|Any CPU.Build.0 = Debug|Any CPU
		{528D63A0-48BA-41A4-955A-88AF4EF421A3}.Debug|ARM.ActiveCfg = Debug|Any CPU
		{528D63A0-48BA-41A4-955A-88AF4EF421A3}.Debug|ARM.Build.0 = Debug|Any CPU
		{528D63A0-48BA-41A4-955A-88AF4EF421A3}.Debug|x64.ActiveCfg = Debug|Any CPU
		{528D63A0-48BA-41A4-955A-88AF4EF421A3}.Debug|x64.Build.0 = Debug|Any CPU
		{528D63A0-48BA-41A4-955A-88AF4EF421A3}.Debug|x86.ActiveCfg = Debug|Any CPU
		{528D63A0-48BA-41A4-955A-88AF4EF421A3}.Debug|x86.Build.0 = Debug|Any CPU
		{528D63A0-48BA-41A4-955A-88AF4EF421A3}.Release|Any CPU.ActiveCfg = Release|Any CPU
		{528D63A0-48BA-41A4-955A-88AF4EF421A3}.Release|Any CPU.Build.0 = Release|Any CPU
		{528D63A0-48BA-41A4-955A-88AF4EF421A3}.Release|ARM.ActiveCfg = Release|Any CPU
		{528D63A0-48BA-41A4-955A-88AF4EF421A3}.Release|ARM.Build.0 = Release|Any CPU
		{528D63A0-48BA-41A4-955A-88AF4EF421A3}.Release|x64.ActiveCfg = Release|Any CPU
		{528D63A0-48BA-41A4-955A-88AF4EF421A3}.Release|x64.Build.0 = Release|Any CPU
		{528D63A0-48BA-41A4-955A-88AF4EF421A3}.Release|x86.ActiveCfg = Release|Any CPU
		{528D63A0-48BA-41A4-955A-88AF4EF421A3}.Release|x86.Build.0 = Release|Any CPU
		{3BE90A80-945B-4A60-85D0-339AF32919FB}.Debug|Any CPU.ActiveCfg = Debug|Any CPU
		{3BE90A80-945B-4A60-85D0-339AF32919FB}.Debug|Any CPU.Build.0 = Debug|Any CPU
		{3BE90A80-945B-4A60-85D0-339AF32919FB}.Debug|ARM.ActiveCfg = Debug|Any CPU
		{3BE90A80-945B-4A60-85D0-339AF32919FB}.Debug|ARM.Build.0 = Debug|Any CPU
		{3BE90A80-945B-4A60-85D0-339AF32919FB}.Debug|x64.ActiveCfg = Debug|Any CPU
		{3BE90A80-945B-4A60-85D0-339AF32919FB}.Debug|x64.Build.0 = Debug|Any CPU
		{3BE90A80-945B-4A60-85D0-339AF32919FB}.Debug|x86.ActiveCfg = Debug|Any CPU
		{3BE90A80-945B-4A60-85D0-339AF32919FB}.Debug|x86.Build.0 = Debug|Any CPU
		{3BE90A80-945B-4A60-85D0-339AF32919FB}.Release|Any CPU.ActiveCfg = Release|Any CPU
		{3BE90A80-945B-4A60-85D0-339AF32919FB}.Release|Any CPU.Build.0 = Release|Any CPU
		{3BE90A80-945B-4A60-85D0-339AF32919FB}.Release|ARM.ActiveCfg = Release|Any CPU
		{3BE90A80-945B-4A60-85D0-339AF32919FB}.Release|ARM.Build.0 = Release|Any CPU
		{3BE90A80-945B-4A60-85D0-339AF32919FB}.Release|x64.ActiveCfg = Release|Any CPU
		{3BE90A80-945B-4A60-85D0-339AF32919FB}.Release|x64.Build.0 = Release|Any CPU
		{3BE90A80-945B-4A60-85D0-339AF32919FB}.Release|x86.ActiveCfg = Release|Any CPU
		{3BE90A80-945B-4A60-85D0-339AF32919FB}.Release|x86.Build.0 = Release|Any CPU
		{39A1BBB3-0C1A-4BD3-AB1B-29C1906BCE41}.Debug|Any CPU.ActiveCfg = Debug|Any CPU
		{39A1BBB3-0C1A-4BD3-AB1B-29C1906BCE41}.Debug|Any CPU.Build.0 = Debug|Any CPU
		{39A1BBB3-0C1A-4BD3-AB1B-29C1906BCE41}.Debug|ARM.ActiveCfg = Debug|Any CPU
		{39A1BBB3-0C1A-4BD3-AB1B-29C1906BCE41}.Debug|ARM.Build.0 = Debug|Any CPU
		{39A1BBB3-0C1A-4BD3-AB1B-29C1906BCE41}.Debug|x64.ActiveCfg = Debug|Any CPU
		{39A1BBB3-0C1A-4BD3-AB1B-29C1906BCE41}.Debug|x64.Build.0 = Debug|Any CPU
		{39A1BBB3-0C1A-4BD3-AB1B-29C1906BCE41}.Debug|x86.ActiveCfg = Debug|Any CPU
		{39A1BBB3-0C1A-4BD3-AB1B-29C1906BCE41}.Debug|x86.Build.0 = Debug|Any CPU
		{39A1BBB3-0C1A-4BD3-AB1B-29C1906BCE41}.Release|Any CPU.ActiveCfg = Release|Any CPU
		{39A1BBB3-0C1A-4BD3-AB1B-29C1906BCE41}.Release|Any CPU.Build.0 = Release|Any CPU
		{39A1BBB3-0C1A-4BD3-AB1B-29C1906BCE41}.Release|ARM.ActiveCfg = Release|Any CPU
		{39A1BBB3-0C1A-4BD3-AB1B-29C1906BCE41}.Release|ARM.Build.0 = Release|Any CPU
		{39A1BBB3-0C1A-4BD3-AB1B-29C1906BCE41}.Release|x64.ActiveCfg = Release|Any CPU
		{39A1BBB3-0C1A-4BD3-AB1B-29C1906BCE41}.Release|x64.Build.0 = Release|Any CPU
		{39A1BBB3-0C1A-4BD3-AB1B-29C1906BCE41}.Release|x86.ActiveCfg = Release|Any CPU
		{39A1BBB3-0C1A-4BD3-AB1B-29C1906BCE41}.Release|x86.Build.0 = Release|Any CPU
	EndGlobalSection
	GlobalSection(SolutionProperties) = preSolution
		HideSolutionNode = FALSE
	EndGlobalSection
EndGlobal
