
Microsoft Visual Studio Solution File, Format Version 12.00
# Visual Studio 14
VisualStudioVersion = 14.0.24720.0
MinimumVisualStudioVersion = 10.0.40219.1
Project("{F2A71F9B-5D33-465A-A702-920D77279786}") = "Libs", "Libs\Libs.fsproj", "{3EA058D2-FFE5-42C7-822E-F6DE02A95CA8}"
EndProject
Project("{F2A71F9B-5D33-465A-A702-920D77279786}") = "Console", "Console\Console.fsproj", "{313091FB-06D3-453B-88E7-4A339AD2D332}"
EndProject
Global
	GlobalSection(SolutionConfigurationPlatforms) = preSolution
		Debug|Any CPU = Debug|Any CPU
		Release|Any CPU = Release|Any CPU
	EndGlobalSection
	GlobalSection(ProjectConfigurationPlatforms) = postSolution
		{3EA058D2-FFE5-42C7-822E-F6DE02A95CA8}.Debug|Any CPU.ActiveCfg = Debug|Any CPU
		{3EA058D2-FFE5-42C7-822E-F6DE02A95CA8}.Debug|Any CPU.Build.0 = Debug|Any CPU
		{3EA058D2-FFE5-42C7-822E-F6DE02A95CA8}.Release|Any CPU.ActiveCfg = Release|Any CPU
		{3EA058D2-FFE5-42C7-822E-F6DE02A95CA8}.Release|Any CPU.Build.0 = Release|Any CPU
		{313091FB-06D3-453B-88E7-4A339AD2D332}.Debug|Any CPU.ActiveCfg = Debug|Any CPU
		{313091FB-06D3-453B-88E7-4A339AD2D332}.Debug|Any CPU.Build.0 = Debug|Any CPU
		{313091FB-06D3-453B-88E7-4A339AD2D332}.Release|Any CPU.ActiveCfg = Release|Any CPU
		{313091FB-06D3-453B-88E7-4A339AD2D332}.Release|Any CPU.Build.0 = Release|Any CPU
	EndGlobalSection
	GlobalSection(SolutionProperties) = preSolution
		HideSolutionNode = FALSE
	EndGlobalSection
EndGlobal
